// !$*UTF8*$!
{
	archiveVersion = 1;
	classes = {
	};
	objectVersion = 50;
	objects = {

/* Begin PBXBuildFile section */
		222C9FD521D5C93F00C4805D /* Pods_CoverArt.framework in Frameworks */ = {isa = PBXBuildFile; fileRef = 3D50766F2EDBF4B211B96FA0 /* Pods_CoverArt.framework */; };
		222E08A421D9F321009524ED /* CoverArtCollectionViewModel.swift in Sources */ = {isa = PBXBuildFile; fileRef = 222E08A321D9F321009524ED /* CoverArtCollectionViewModel.swift */; };
		225A17EB21D4711900A465A8 /* AppDelegate.swift in Sources */ = {isa = PBXBuildFile; fileRef = 225A17EA21D4711900A465A8 /* AppDelegate.swift */; };
		225A17ED21D4711900A465A8 /* ViewController.swift in Sources */ = {isa = PBXBuildFile; fileRef = 225A17EC21D4711900A465A8 /* ViewController.swift */; };
		225A17EF21D4711A00A465A8 /* Assets.xcassets in Resources */ = {isa = PBXBuildFile; fileRef = 225A17EE21D4711A00A465A8 /* Assets.xcassets */; };
		225A17F221D4711A00A465A8 /* Main.storyboard in Resources */ = {isa = PBXBuildFile; fileRef = 225A17F021D4711A00A465A8 /* Main.storyboard */; };
		225A17FF21D4AB3300A465A8 /* WebService.swift in Sources */ = {isa = PBXBuildFile; fileRef = 225A17FE21D4AB3300A465A8 /* WebService.swift */; };
		225A180121D4B49300A465A8 /* MediaItem.swift in Sources */ = {isa = PBXBuildFile; fileRef = 225A180021D4B49300A465A8 /* MediaItem.swift */; };
		225A180321D59A0100A465A8 /* CoverArtCollectionViewItem.swift in Sources */ = {isa = PBXBuildFile; fileRef = 225A180221D59A0100A465A8 /* CoverArtCollectionViewItem.swift */; };
		2261A74B21D5E67C00AB158F /* MediaType.swift in Sources */ = {isa = PBXBuildFile; fileRef = 2261A74A21D5E67C00AB158F /* MediaType.swift */; };
		2261A74F21D5FF2700AB158F /* WindowController.swift in Sources */ = {isa = PBXBuildFile; fileRef = 2261A74E21D5FF2700AB158F /* WindowController.swift */; };
		227F4D4121D7448D00399DE1 /* OverlayView.swift in Sources */ = {isa = PBXBuildFile; fileRef = 227F4D4021D7448D00399DE1 /* OverlayView.swift */; };
/* End PBXBuildFile section */

/* Begin PBXFileReference section */
		222E08A321D9F321009524ED /* CoverArtCollectionViewModel.swift */ = {isa = PBXFileReference; lastKnownFileType = sourcecode.swift; path = CoverArtCollectionViewModel.swift; sourceTree = "<group>"; };
		225A17E721D4711900A465A8 /* Cover Art.app */ = {isa = PBXFileReference; explicitFileType = wrapper.application; includeInIndex = 0; path = "Cover Art.app"; sourceTree = BUILT_PRODUCTS_DIR; };
		225A17EA21D4711900A465A8 /* AppDelegate.swift */ = {isa = PBXFileReference; lastKnownFileType = sourcecode.swift; path = AppDelegate.swift; sourceTree = "<group>"; };
		225A17EC21D4711900A465A8 /* ViewController.swift */ = {isa = PBXFileReference; lastKnownFileType = sourcecode.swift; path = ViewController.swift; sourceTree = "<group>"; };
		225A17EE21D4711A00A465A8 /* Assets.xcassets */ = {isa = PBXFileReference; lastKnownFileType = folder.assetcatalog; path = Assets.xcassets; sourceTree = "<group>"; };
		225A17F121D4711A00A465A8 /* Base */ = {isa = PBXFileReference; lastKnownFileType = file.storyboard; name = Base; path = Base.lproj/Main.storyboard; sourceTree = "<group>"; };
		225A17F321D4711A00A465A8 /* Info.plist */ = {isa = PBXFileReference; lastKnownFileType = text.plist.xml; path = Info.plist; sourceTree = "<group>"; };
		225A17F421D4711A00A465A8 /* CoverArt.entitlements */ = {isa = PBXFileReference; lastKnownFileType = text.plist.entitlements; path = CoverArt.entitlements; sourceTree = "<group>"; };
		225A17FE21D4AB3300A465A8 /* WebService.swift */ = {isa = PBXFileReference; lastKnownFileType = sourcecode.swift; path = WebService.swift; sourceTree = "<group>"; };
		225A180021D4B49300A465A8 /* MediaItem.swift */ = {isa = PBXFileReference; lastKnownFileType = sourcecode.swift; path = MediaItem.swift; sourceTree = "<group>"; };
		225A180221D59A0100A465A8 /* CoverArtCollectionViewItem.swift */ = {isa = PBXFileReference; fileEncoding = 4; lastKnownFileType = sourcecode.swift; path = CoverArtCollectionViewItem.swift; sourceTree = "<group>"; };
		2261A74A21D5E67C00AB158F /* MediaType.swift */ = {isa = PBXFileReference; lastKnownFileType = sourcecode.swift; path = MediaType.swift; sourceTree = "<group>"; };
		2261A74E21D5FF2700AB158F /* WindowController.swift */ = {isa = PBXFileReference; lastKnownFileType = sourcecode.swift; path = WindowController.swift; sourceTree = "<group>"; };
		227F4D4021D7448D00399DE1 /* OverlayView.swift */ = {isa = PBXFileReference; lastKnownFileType = sourcecode.swift; path = OverlayView.swift; sourceTree = "<group>"; };
		3D50766F2EDBF4B211B96FA0 /* Pods_CoverArt.framework */ = {isa = PBXFileReference; explicitFileType = wrapper.framework; includeInIndex = 0; path = Pods_CoverArt.framework; sourceTree = BUILT_PRODUCTS_DIR; };
		B607FF92520BAE06A36A6A52 /* Pods-CoverArt.debug.xcconfig */ = {isa = PBXFileReference; includeInIndex = 1; lastKnownFileType = text.xcconfig; name = "Pods-CoverArt.debug.xcconfig"; path = "Pods/Target Support Files/Pods-CoverArt/Pods-CoverArt.debug.xcconfig"; sourceTree = "<group>"; };
		BCA2613E8741346750B8B724 /* Pods-CoverArt.release.xcconfig */ = {isa = PBXFileReference; includeInIndex = 1; lastKnownFileType = text.xcconfig; name = "Pods-CoverArt.release.xcconfig"; path = "Pods/Target Support Files/Pods-CoverArt/Pods-CoverArt.release.xcconfig"; sourceTree = "<group>"; };
/* End PBXFileReference section */

/* Begin PBXFrameworksBuildPhase section */
		225A17E421D4711900A465A8 /* Frameworks */ = {
			isa = PBXFrameworksBuildPhase;
			buildActionMask = 2147483647;
			files = (
				222C9FD521D5C93F00C4805D /* Pods_CoverArt.framework in Frameworks */,
			);
			runOnlyForDeploymentPostprocessing = 0;
		};
/* End PBXFrameworksBuildPhase section */

/* Begin PBXGroup section */
		222E08A221D9F2EF009524ED /* View Models */ = {
			isa = PBXGroup;
			children = (
				222E08A321D9F321009524ED /* CoverArtCollectionViewModel.swift */,
			);
			path = "View Models";
			sourceTree = "<group>";
		};
		225A17DE21D4711800A465A8 = {
			isa = PBXGroup;
			children = (
				225A17E921D4711900A465A8 /* CoverArt */,
				225A17E821D4711900A465A8 /* Products */,
				F4E7E02194CCF04C504F480C /* Pods */,
				B00FD19C098DEC8A9B705CBB /* Frameworks */,
			);
			sourceTree = "<group>";
		};
		225A17E821D4711900A465A8 /* Products */ = {
			isa = PBXGroup;
			children = (
				225A17E721D4711900A465A8 /* Cover Art.app */,
			);
			name = Products;
			sourceTree = "<group>";
		};
		225A17E921D4711900A465A8 /* CoverArt */ = {
			isa = PBXGroup;
			children = (
				225A17EA21D4711900A465A8 /* AppDelegate.swift */,
				222E08A221D9F2EF009524ED /* View Models */,
				227F4D3F21D7445E00399DE1 /* Models */,
				227F4D3E21D743EF00399DE1 /* Views */,
				227F4D4221D7486400399DE1 /* Controllers */,
				225A17FE21D4AB3300A465A8 /* WebService.swift */,
				225A17EE21D4711A00A465A8 /* Assets.xcassets */,
				225A17F021D4711A00A465A8 /* Main.storyboard */,
				225A17F321D4711A00A465A8 /* Info.plist */,
				225A17F421D4711A00A465A8 /* CoverArt.entitlements */,
			);
			path = CoverArt;
			sourceTree = "<group>";
		};
		227F4D3E21D743EF00399DE1 /* Views */ = {
			isa = PBXGroup;
			children = (
				227F4D4021D7448D00399DE1 /* OverlayView.swift */,
			);
			path = Views;
			sourceTree = "<group>";
		};
		227F4D3F21D7445E00399DE1 /* Models */ = {
			isa = PBXGroup;
			children = (
				225A180021D4B49300A465A8 /* MediaItem.swift */,
				2261A74A21D5E67C00AB158F /* MediaType.swift */,
			);
			path = Models;
			sourceTree = "<group>";
		};
		227F4D4221D7486400399DE1 /* Controllers */ = {
			isa = PBXGroup;
			children = (
				2261A74E21D5FF2700AB158F /* WindowController.swift */,
				225A17EC21D4711900A465A8 /* ViewController.swift */,
				225A180221D59A0100A465A8 /* CoverArtCollectionViewItem.swift */,
			);
			path = Controllers;
			sourceTree = "<group>";
		};
		B00FD19C098DEC8A9B705CBB /* Frameworks */ = {
			isa = PBXGroup;
			children = (
				3D50766F2EDBF4B211B96FA0 /* Pods_CoverArt.framework */,
			);
			name = Frameworks;
			sourceTree = "<group>";
		};
		F4E7E02194CCF04C504F480C /* Pods */ = {
			isa = PBXGroup;
			children = (
				B607FF92520BAE06A36A6A52 /* Pods-CoverArt.debug.xcconfig */,
				BCA2613E8741346750B8B724 /* Pods-CoverArt.release.xcconfig */,
			);
			name = Pods;
			sourceTree = "<group>";
		};
/* End PBXGroup section */

/* Begin PBXNativeTarget section */
		225A17E621D4711900A465A8 /* CoverArt */ = {
			isa = PBXNativeTarget;
			buildConfigurationList = 225A17F721D4711A00A465A8 /* Build configuration list for PBXNativeTarget "CoverArt" */;
			buildPhases = (
				5C9CD03096CD06E3D9F48C71 /* [CP] Check Pods Manifest.lock */,
				225A17E321D4711900A465A8 /* Sources */,
				225A17E421D4711900A465A8 /* Frameworks */,
				225A17E521D4711900A465A8 /* Resources */,
				EDF524169B718F0F7FF9EFC8 /* [CP] Embed Pods Frameworks */,
			);
			buildRules = (
			);
			dependencies = (
			);
			name = CoverArt;
			productName = CoverArt;
			productReference = 225A17E721D4711900A465A8 /* Cover Art.app */;
			productType = "com.apple.product-type.application";
		};
/* End PBXNativeTarget section */

/* Begin PBXProject section */
		225A17DF21D4711800A465A8 /* Project object */ = {
			isa = PBXProject;
			attributes = {
				LastSwiftUpdateCheck = 1000;
				LastUpgradeCheck = 1000;
				ORGANIZATIONNAME = SamFrancis;
				TargetAttributes = {
					225A17E621D4711900A465A8 = {
						CreatedOnToolsVersion = 10.0;
					};
				};
			};
			buildConfigurationList = 225A17E221D4711800A465A8 /* Build configuration list for PBXProject "CoverArt" */;
			compatibilityVersion = "Xcode 9.3";
			developmentRegion = en;
			hasScannedForEncodings = 0;
			knownRegions = (
				en,
				Base,
			);
			mainGroup = 225A17DE21D4711800A465A8;
			productRefGroup = 225A17E821D4711900A465A8 /* Products */;
			projectDirPath = "";
			projectRoot = "";
			targets = (
				225A17E621D4711900A465A8 /* CoverArt */,
			);
		};
/* End PBXProject section */

/* Begin PBXResourcesBuildPhase section */
		225A17E521D4711900A465A8 /* Resources */ = {
			isa = PBXResourcesBuildPhase;
			buildActionMask = 2147483647;
			files = (
				225A17EF21D4711A00A465A8 /* Assets.xcassets in Resources */,
				225A17F221D4711A00A465A8 /* Main.storyboard in Resources */,
			);
			runOnlyForDeploymentPostprocessing = 0;
		};
/* End PBXResourcesBuildPhase section */

/* Begin PBXShellScriptBuildPhase section */
		5C9CD03096CD06E3D9F48C71 /* [CP] Check Pods Manifest.lock */ = {
			isa = PBXShellScriptBuildPhase;
			buildActionMask = 2147483647;
			files = (
			);
			inputPaths = (
				"${PODS_PODFILE_DIR_PATH}/Podfile.lock",
				"${PODS_ROOT}/Manifest.lock",
			);
			name = "[CP] Check Pods Manifest.lock";
			outputPaths = (
				"$(DERIVED_FILE_DIR)/Pods-CoverArt-checkManifestLockResult.txt",
			);
			runOnlyForDeploymentPostprocessing = 0;
			shellPath = /bin/sh;
			shellScript = "diff \"${PODS_PODFILE_DIR_PATH}/Podfile.lock\" \"${PODS_ROOT}/Manifest.lock\" > /dev/null\nif [ $? != 0 ] ; then\n    # print error to STDERR\n    echo \"error: The sandbox is not in sync with the Podfile.lock. Run 'pod install' or update your CocoaPods installation.\" >&2\n    exit 1\nfi\n# This output is used by Xcode 'outputs' to avoid re-running this script phase.\necho \"SUCCESS\" > \"${SCRIPT_OUTPUT_FILE_0}\"\n";
			showEnvVarsInLog = 0;
		};
		EDF524169B718F0F7FF9EFC8 /* [CP] Embed Pods Frameworks */ = {
			isa = PBXShellScriptBuildPhase;
			buildActionMask = 2147483647;
			files = (
			);
			inputPaths = (
				"${PODS_ROOT}/Target Support Files/Pods-CoverArt/Pods-CoverArt-frameworks.sh",
				"${BUILT_PRODUCTS_DIR}/Kingfisher/Kingfisher.framework",
			);
			name = "[CP] Embed Pods Frameworks";
			outputPaths = (
				"${TARGET_BUILD_DIR}/${FRAMEWORKS_FOLDER_PATH}/Kingfisher.framework",
			);
			runOnlyForDeploymentPostprocessing = 0;
			shellPath = /bin/sh;
			shellScript = "\"${PODS_ROOT}/Target Support Files/Pods-CoverArt/Pods-CoverArt-frameworks.sh\"\n";
			showEnvVarsInLog = 0;
		};
/* End PBXShellScriptBuildPhase section */

/* Begin PBXSourcesBuildPhase section */
		225A17E321D4711900A465A8 /* Sources */ = {
			isa = PBXSourcesBuildPhase;
			buildActionMask = 2147483647;
			files = (
				2261A74F21D5FF2700AB158F /* WindowController.swift in Sources */,
				227F4D4121D7448D00399DE1 /* OverlayView.swift in Sources */,
				2261A74B21D5E67C00AB158F /* MediaType.swift in Sources */,
				222E08A421D9F321009524ED /* CoverArtCollectionViewModel.swift in Sources */,
				225A17ED21D4711900A465A8 /* ViewController.swift in Sources */,
				225A180121D4B49300A465A8 /* MediaItem.swift in Sources */,
				225A17FF21D4AB3300A465A8 /* WebService.swift in Sources */,
				225A17EB21D4711900A465A8 /* AppDelegate.swift in Sources */,
				225A180321D59A0100A465A8 /* CoverArtCollectionViewItem.swift in Sources */,
			);
			runOnlyForDeploymentPostprocessing = 0;
		};
/* End PBXSourcesBuildPhase section */

/* Begin PBXVariantGroup section */
		225A17F021D4711A00A465A8 /* Main.storyboard */ = {
			isa = PBXVariantGroup;
			children = (
				225A17F121D4711A00A465A8 /* Base */,
			);
			name = Main.storyboard;
			sourceTree = "<group>";
		};
/* End PBXVariantGroup section */

/* Begin XCBuildConfiguration section */
		225A17F521D4711A00A465A8 /* Debug */ = {
			isa = XCBuildConfiguration;
			buildSettings = {
				ALWAYS_SEARCH_USER_PATHS = NO;
				CLANG_ANALYZER_NONNULL = YES;
				CLANG_ANALYZER_NUMBER_OBJECT_CONVERSION = YES_AGGRESSIVE;
				CLANG_CXX_LANGUAGE_STANDARD = "gnu++14";
				CLANG_CXX_LIBRARY = "libc++";
				CLANG_ENABLE_MODULES = YES;
				CLANG_ENABLE_OBJC_ARC = YES;
				CLANG_ENABLE_OBJC_WEAK = YES;
				CLANG_WARN_BLOCK_CAPTURE_AUTORELEASING = YES;
				CLANG_WARN_BOOL_CONVERSION = YES;
				CLANG_WARN_COMMA = YES;
				CLANG_WARN_CONSTANT_CONVERSION = YES;
				CLANG_WARN_DEPRECATED_OBJC_IMPLEMENTATIONS = YES;
				CLANG_WARN_DIRECT_OBJC_ISA_USAGE = YES_ERROR;
				CLANG_WARN_DOCUMENTATION_COMMENTS = YES;
				CLANG_WARN_EMPTY_BODY = YES;
				CLANG_WARN_ENUM_CONVERSION = YES;
				CLANG_WARN_INFINITE_RECURSION = YES;
				CLANG_WARN_INT_CONVERSION = YES;
				CLANG_WARN_NON_LITERAL_NULL_CONVERSION = YES;
				CLANG_WARN_OBJC_IMPLICIT_RETAIN_SELF = YES;
				CLANG_WARN_OBJC_LITERAL_CONVERSION = YES;
				CLANG_WARN_OBJC_ROOT_CLASS = YES_ERROR;
				CLANG_WARN_RANGE_LOOP_ANALYSIS = YES;
				CLANG_WARN_STRICT_PROTOTYPES = YES;
				CLANG_WARN_SUSPICIOUS_MOVE = YES;
				CLANG_WARN_UNGUARDED_AVAILABILITY = YES_AGGRESSIVE;
				CLANG_WARN_UNREACHABLE_CODE = YES;
				CLANG_WARN__DUPLICATE_METHOD_MATCH = YES;
				CODE_SIGN_IDENTITY = "Mac Developer";
				COPY_PHASE_STRIP = NO;
				DEBUG_INFORMATION_FORMAT = dwarf;
				ENABLE_STRICT_OBJC_MSGSEND = YES;
				ENABLE_TESTABILITY = YES;
				GCC_C_LANGUAGE_STANDARD = gnu11;
				GCC_DYNAMIC_NO_PIC = NO;
				GCC_NO_COMMON_BLOCKS = YES;
				GCC_OPTIMIZATION_LEVEL = 0;
				GCC_PREPROCESSOR_DEFINITIONS = (
					"DEBUG=1",
					"$(inherited)",
				);
				GCC_WARN_64_TO_32_BIT_CONVERSION = YES;
				GCC_WARN_ABOUT_RETURN_TYPE = YES_ERROR;
				GCC_WARN_UNDECLARED_SELECTOR = YES;
				GCC_WARN_UNINITIALIZED_AUTOS = YES_AGGRESSIVE;
				GCC_WARN_UNUSED_FUNCTION = YES;
				GCC_WARN_UNUSED_VARIABLE = YES;
				MACOSX_DEPLOYMENT_TARGET = 10.14;
				MTL_ENABLE_DEBUG_INFO = INCLUDE_SOURCE;
				MTL_FAST_MATH = YES;
				ONLY_ACTIVE_ARCH = YES;
				SDKROOT = macosx;
				SWIFT_ACTIVE_COMPILATION_CONDITIONS = DEBUG;
				SWIFT_OPTIMIZATION_LEVEL = "-Onone";
			};
			name = Debug;
		};
		225A17F621D4711A00A465A8 /* Release */ = {
			isa = XCBuildConfiguration;
			buildSettings = {
				ALWAYS_SEARCH_USER_PATHS = NO;
				CLANG_ANALYZER_NONNULL = YES;
				CLANG_ANALYZER_NUMBER_OBJECT_CONVERSION = YES_AGGRESSIVE;
				CLANG_CXX_LANGUAGE_STANDARD = "gnu++14";
				CLANG_CXX_LIBRARY = "libc++";
				CLANG_ENABLE_MODULES = YES;
				CLANG_ENABLE_OBJC_ARC = YES;
				CLANG_ENABLE_OBJC_WEAK = YES;
				CLANG_WARN_BLOCK_CAPTURE_AUTORELEASING = YES;
				CLANG_WARN_BOOL_CONVERSION = YES;
				CLANG_WARN_COMMA = YES;
				CLANG_WARN_CONSTANT_CONVERSION = YES;
				CLANG_WARN_DEPRECATED_OBJC_IMPLEMENTATIONS = YES;
				CLANG_WARN_DIRECT_OBJC_ISA_USAGE = YES_ERROR;
				CLANG_WARN_DOCUMENTATION_COMMENTS = YES;
				CLANG_WARN_EMPTY_BODY = YES;
				CLANG_WARN_ENUM_CONVERSION = YES;
				CLANG_WARN_INFINITE_RECURSION = YES;
				CLANG_WARN_INT_CONVERSION = YES;
				CLANG_WARN_NON_LITERAL_NULL_CONVERSION = YES;
				CLANG_WARN_OBJC_IMPLICIT_RETAIN_SELF = YES;
				CLANG_WARN_OBJC_LITERAL_CONVERSION = YES;
				CLANG_WARN_OBJC_ROOT_CLASS = YES_ERROR;
				CLANG_WARN_RANGE_LOOP_ANALYSIS = YES;
				CLANG_WARN_STRICT_PROTOTYPES = YES;
				CLANG_WARN_SUSPICIOUS_MOVE = YES;
				CLANG_WARN_UNGUARDED_AVAILABILITY = YES_AGGRESSIVE;
				CLANG_WARN_UNREACHABLE_CODE = YES;
				CLANG_WARN__DUPLICATE_METHOD_MATCH = YES;
				CODE_SIGN_IDENTITY = "Mac Developer";
				COPY_PHASE_STRIP = NO;
				DEBUG_INFORMATION_FORMAT = "dwarf-with-dsym";
				ENABLE_NS_ASSERTIONS = NO;
				ENABLE_STRICT_OBJC_MSGSEND = YES;
				GCC_C_LANGUAGE_STANDARD = gnu11;
				GCC_NO_COMMON_BLOCKS = YES;
				GCC_WARN_64_TO_32_BIT_CONVERSION = YES;
				GCC_WARN_ABOUT_RETURN_TYPE = YES_ERROR;
				GCC_WARN_UNDECLARED_SELECTOR = YES;
				GCC_WARN_UNINITIALIZED_AUTOS = YES_AGGRESSIVE;
				GCC_WARN_UNUSED_FUNCTION = YES;
				GCC_WARN_UNUSED_VARIABLE = YES;
				MACOSX_DEPLOYMENT_TARGET = 10.14;
				MTL_ENABLE_DEBUG_INFO = NO;
				MTL_FAST_MATH = YES;
				SDKROOT = macosx;
				SWIFT_COMPILATION_MODE = wholemodule;
				SWIFT_OPTIMIZATION_LEVEL = "-O";
			};
			name = Release;
		};
		225A17F821D4711A00A465A8 /* Debug */ = {
			isa = XCBuildConfiguration;
			baseConfigurationReference = B607FF92520BAE06A36A6A52 /* Pods-CoverArt.debug.xcconfig */;
			buildSettings = {
				ASSETCATALOG_COMPILER_APPICON_NAME = AppIcon;
				CODE_SIGN_STYLE = Automatic;
				COMBINE_HIDPI_IMAGES = YES;
				DEVELOPMENT_TEAM = YY7FKCXAZ6;
				INFOPLIST_FILE = CoverArt/Info.plist;
				LD_RUNPATH_SEARCH_PATHS = (
					"$(inherited)",
					"@executable_path/../Frameworks",
				);
				PRODUCT_BUNDLE_IDENTIFIER = com.SamFrancis.CoverArt;
				PRODUCT_NAME = "Cover Art";
				SWIFT_VERSION = 4.2;
			};
			name = Debug;
		};
		225A17F921D4711A00A465A8 /* Release */ = {
			isa = XCBuildConfiguration;
			baseConfigurationReference = BCA2613E8741346750B8B724 /* Pods-CoverArt.release.xcconfig */;
			buildSettings = {
				ASSETCATALOG_COMPILER_APPICON_NAME = AppIcon;
				CODE_SIGN_STYLE = Automatic;
				COMBINE_HIDPI_IMAGES = YES;
				DEVELOPMENT_TEAM = YY7FKCXAZ6;
				INFOPLIST_FILE = CoverArt/Info.plist;
				LD_RUNPATH_SEARCH_PATHS = (
					"$(inherited)",
					"@executable_path/../Frameworks",
				);
				PRODUCT_BUNDLE_IDENTIFIER = com.SamFrancis.CoverArt;
				PRODUCT_NAME = "Cover Art";
				SWIFT_VERSION = 4.2;
			};
			name = Release;
		};
/* End XCBuildConfiguration section */

/* Begin XCConfigurationList section */
		225A17E221D4711800A465A8 /* Build configuration list for PBXProject "CoverArt" */ = {
			isa = XCConfigurationList;
			buildConfigurations = (
				225A17F521D4711A00A465A8 /* Debug */,
				225A17F621D4711A00A465A8 /* Release */,
			);
			defaultConfigurationIsVisible = 0;
			defaultConfigurationName = Release;
		};
		225A17F721D4711A00A465A8 /* Build configuration list for PBXNativeTarget "CoverArt" */ = {
			isa = XCConfigurationList;
			buildConfigurations = (
				225A17F821D4711A00A465A8 /* Debug */,
				225A17F921D4711A00A465A8 /* Release */,
			);
			defaultConfigurationIsVisible = 0;
			defaultConfigurationName = Release;
		};
/* End XCConfigurationList section */
	};
	rootObject = 225A17DF21D4711800A465A8 /* Project object */;
}
